
Microsoft Visual Studio Solution File, Format Version 12.00
# Visual Studio Version 16
VisualStudioVersion = 16.0.31402.337
MinimumVisualStudioVersion = 10.0.40219.1
Project("{FAE04EC0-301F-11D3-BF4B-00C04F79EFBC}") = "WebApplication1", "WebApplication1\WebApplication1.csproj", "{D84B24DD-9ECB-4DDA-9041-7A366250B0A9}"
EndProject
Project("{FAE04EC0-301F-11D3-BF4B-00C04F79EFBC}") = "Entidades", "Entidades\Entidades.csproj", "{15AFA3C5-CC2C-4C07-AF11-44905A77FC13}"
EndProject
Project("{FAE04EC0-301F-11D3-BF4B-00C04F79EFBC}") = "Dato", "Dato\Dato.csproj", "{49472F4C-7704-4B7B-8A61-73FDAD276CB8}"
EndProject
Project("{FAE04EC0-301F-11D3-BF4B-00C04F79EFBC}") = "Negocio", "Negocio\Negocio.csproj", "{77F240B7-435A-447F-8080-B0D41DA8D4E2}"
EndProject
Global
	GlobalSection(SolutionConfigurationPlatforms) = preSolution
		Debug|Any CPU = Debug|Any CPU
		Release|Any CPU = Release|Any CPU
	EndGlobalSection
	GlobalSection(ProjectConfigurationPlatforms) = postSolution
		{D84B24DD-9ECB-4DDA-9041-7A366250B0A9}.Debug|Any CPU.ActiveCfg = Debug|Any CPU
		{D84B24DD-9ECB-4DDA-9041-7A366250B0A9}.Debug|Any CPU.Build.0 = Debug|Any CPU
		{D84B24DD-9ECB-4DDA-9041-7A366250B0A9}.Release|Any CPU.ActiveCfg = Release|Any CPU
		{D84B24DD-9ECB-4DDA-9041-7A366250B0A9}.Release|Any CPU.Build.0 = Release|Any CPU
		{15AFA3C5-CC2C-4C07-AF11-44905A77FC13}.Debug|Any CPU.ActiveCfg = Debug|Any CPU
		{15AFA3C5-CC2C-4C07-AF11-44905A77FC13}.Debug|Any CPU.Build.0 = Debug|Any CPU
		{15AFA3C5-CC2C-4C07-AF11-44905A77FC13}.Release|Any CPU.ActiveCfg = Release|Any CPU
		{15AFA3C5-CC2C-4C07-AF11-44905A77FC13}.Release|Any CPU.Build.0 = Release|Any CPU
		{49472F4C-7704-4B7B-8A61-73FDAD276CB8}.Debug|Any CPU.ActiveCfg = Debug|Any CPU
		{49472F4C-7704-4B7B-8A61-73FDAD276CB8}.Debug|Any CPU.Build.0 = Debug|Any CPU
		{49472F4C-7704-4B7B-8A61-73FDAD276CB8}.Release|Any CPU.ActiveCfg = Release|Any CPU
		{49472F4C-7704-4B7B-8A61-73FDAD276CB8}.Release|Any CPU.Build.0 = Release|Any CPU
		{77F240B7-435A-447F-8080-B0D41DA8D4E2}.Debug|Any CPU.ActiveCfg = Debug|Any CPU
		{77F240B7-435A-447F-8080-B0D41DA8D4E2}.Debug|Any CPU.Build.0 = Debug|Any CPU
		{77F240B7-435A-447F-8080-B0D41DA8D4E2}.Release|Any CPU.ActiveCfg = Release|Any CPU
		{77F240B7-435A-447F-8080-B0D41DA8D4E2}.Release|Any CPU.Build.0 = Release|Any CPU
	EndGlobalSection
	GlobalSection(SolutionProperties) = preSolution
		HideSolutionNode = FALSE
	EndGlobalSection
	GlobalSection(ExtensibilityGlobals) = postSolution
		SolutionGuid = {488EDBE0-7993-453A-947A-4791B8EB19F6}
	EndGlobalSection
EndGlobal
